# This file is automatically @generated by Poetry 1.5.1 and should not be changed by hand.

[[package]]
name = "pyscard"
version = "2.0.10"
description = "Smartcard module for Python."
optional = false
python-versions = "*"
files = [
    {file = "pyscard-2.0.10-cp310-cp310-win32.whl", hash = "sha256:2ae1ece465ccd060e0a268cad1a213414ce8f7a8346bdb00b8470cf4b7826915"},
    {file = "pyscard-2.0.10-cp310-cp310-win_amd64.whl", hash = "sha256:c7197af995768e522665c3d01099224a268e1791b0dd5b8762364063a07503fa"},
    {file = "pyscard-2.0.10-cp311-cp311-win32.whl", hash = "sha256:af334ecff0a9415e4baa6c6b0c476148dfc81490671dad8eec5eff091bcdfdde"},
    {file = "pyscard-2.0.10-cp311-cp311-win_amd64.whl", hash = "sha256:c5281b4a124ac27e854b3630eb026e9ac6c4b984e7958586a3cb2b6403c2d11b"},
    {file = "pyscard-2.0.10-cp312-cp312-macosx_13_0_x86_64.whl", hash = "sha256:3d66ac3c7f6014351847b8efdbc684e9ac0a4ebb60fcb8a573c182e0f13b6fa4"},
    {file = "pyscard-2.0.10-cp312-cp312-win32.whl", hash = "sha256:eea9aad08d3baa6c5542d7c5c86e4975873c3260379ed2205c1ede713cf3ffb9"},
    {file = "pyscard-2.0.10-cp312-cp312-win_amd64.whl", hash = "sha256:5fbbc848c93641677bab855ef313b4c4153e63c82bcdf2aba4d79f99699398b5"},
    {file = "pyscard-2.0.10-cp37-cp37m-win32.whl", hash = "sha256:ebdd8ad859a2df2c9c919932bfd862076345e95e14027123a261bd814e327fb4"},
    {file = "pyscard-2.0.10-cp37-cp37m-win_amd64.whl", hash = "sha256:1349a5f2113090d9f58947158bcd6ab94d4c8287c461fe86909cd766631a55d8"},
    {file = "pyscard-2.0.10-cp38-cp38-win32.whl", hash = "sha256:f9f54e3a5b15cd825119f056c517f7cb34da76c934819548a38f77d8f4eea978"},
    {file = "pyscard-2.0.10-cp38-cp38-win_amd64.whl", hash = "sha256:3de4e46ebfb5f6ae9e9ce225e62c784dceb83dd304b9caad3dd4a00447224c71"},
    {file = "pyscard-2.0.10-cp39-cp39-win32.whl", hash = "sha256:6f79249bf169ab5f0c5272a0d36576d153a6132ad3e9728c5275a93e99de0f61"},
    {file = "pyscard-2.0.10-cp39-cp39-win_amd64.whl", hash = "sha256:b4acd0deb624cd931572be306aab3fee7a0e527d2daa8a8bf943e291bc043315"},
    {file = "pyscard-2.0.10.tar.gz", hash = "sha256:4b9b865df03b29522e80ebae17790a8b3a096a9d885cda19363b44b1a6bf5c1c"},
]

[package.extras]
gui = ["wxPython"]
pyro = ["Pyro"]

[metadata]
lock-version = "2.0"
python-versions = "^3.10"
content-hash = "6f114868032e9acd25f9577a4d4457b91eec809d59618d8375e6b6a2a8ff08d9"
